
Microsoft Visual Studio Solution File, Format Version 12.00
# Visual Studio 15
VisualStudioVersion = 15.0.27130.2024
MinimumVisualStudioVersion = 10.0.40219.1
Project("{8BC9CEB8-8B4A-11D0-8D11-00A0C91BC942}") = "baekjoon_2581", "baekjoon_2581\baekjoon_2581.vcxproj", "{4C57B4C2-D2AC-4E94-B737-232D5CC1D70C}"
EndProject
Global
	GlobalSection(SolutionConfigurationPlatforms) = preSolution
		Debug|x64 = Debug|x64
		Debug|x86 = Debug|x86
		Release|x64 = Release|x64
		Release|x86 = Release|x86
	EndGlobalSection
	GlobalSection(ProjectConfigurationPlatforms) = postSolution
		{4C57B4C2-D2AC-4E94-B737-232D5CC1D70C}.Debug|x64.ActiveCfg = Debug|x64
		{4C57B4C2-D2AC-4E94-B737-232D5CC1D70C}.Debug|x64.Build.0 = Debug|x64
		{4C57B4C2-D2AC-4E94-B737-232D5CC1D70C}.Debug|x86.ActiveCfg = Debug|Win32
		{4C57B4C2-D2AC-4E94-B737-232D5CC1D70C}.Debug|x86.Build.0 = Debug|Win32
		{4C57B4C2-D2AC-4E94-B737-232D5CC1D70C}.Release|x64.ActiveCfg = Release|x64
		{4C57B4C2-D2AC-4E94-B737-232D5CC1D70C}.Release|x64.Build.0 = Release|x64
		{4C57B4C2-D2AC-4E94-B737-232D5CC1D70C}.Release|x86.ActiveCfg = Release|Win32
		{4C57B4C2-D2AC-4E94-B737-232D5CC1D70C}.Release|x86.Build.0 = Release|Win32
	EndGlobalSection
	GlobalSection(SolutionProperties) = preSolution
		HideSolutionNode = FALSE
	EndGlobalSection
	GlobalSection(ExtensibilityGlobals) = postSolution
		SolutionGuid = {77775BDF-2EBE-49BF-A8D1-A5D606169A84}
	EndGlobalSection
EndGlobal
